
Microsoft Visual Studio Solution File, Format Version 12.00
# Visual Studio Version 17
VisualStudioVersion = 17.14.36930.0 d17.14
MinimumVisualStudioVersion = 10.0.40219.1
Project("{FAE04EC0-301F-11D3-BF4B-00C04F79EFBC}") = "Proyecto-Final-Desc", "Proyecto-Final-Desc.csproj", "{264761D8-6DFA-4707-BD9D-E04FA2372F82}"
EndProject
Global
	GlobalSection(SolutionConfigurationPlatforms) = preSolution
		Debug|Any CPU = Debug|Any CPU
		Release|Any CPU = Release|Any CPU
	EndGlobalSection
	GlobalSection(ProjectConfigurationPlatforms) = postSolution
		{264761D8-6DFA-4707-BD9D-E04FA2372F82}.Debug|Any CPU.ActiveCfg = Debug|Any CPU
		{264761D8-6DFA-4707-BD9D-E04FA2372F82}.Debug|Any CPU.Build.0 = Debug|Any CPU
		{264761D8-6DFA-4707-BD9D-E04FA2372F82}.Release|Any CPU.ActiveCfg = Release|Any CPU
		{264761D8-6DFA-4707-BD9D-E04FA2372F82}.Release|Any CPU.Build.0 = Release|Any CPU
	EndGlobalSection
	GlobalSection(SolutionProperties) = preSolution
		HideSolutionNode = FALSE
	EndGlobalSection
	GlobalSection(ExtensibilityGlobals) = postSolution
		SolutionGuid = {90BA3DB4-8C5C-4EFA-8270-6E9B8E3220DB}
	EndGlobalSection
EndGlobal
